
Microsoft Visual Studio Solution File, Format Version 12.00
# Visual Studio Version 17
VisualStudioVersion = 17.8.34309.116
MinimumVisualStudioVersion = 10.0.40219.1
Project("{9A19103F-16F7-4668-BE54-9A1E7A4F7556}") = "Domain", "Domain\Domain.csproj", "{45BE44A4-9E25-465E-A8E5-5F73B29AA7BD}"
EndProject
Project("{9A19103F-16F7-4668-BE54-9A1E7A4F7556}") = "Application", "Application\Application.csproj", "{B714B1A0-72CB-4DA0-A3A7-56928E05FCE4}"
EndProject
Project("{9A19103F-16F7-4668-BE54-9A1E7A4F7556}") = "Infrastructure", "Infrastructure\Infrastructure.csproj", "{1F9C794E-4BBA-449A-8C37-09824E0EB67C}"
EndProject
Project("{9A19103F-16F7-4668-BE54-9A1E7A4F7556}") = "Presentation", "Presentation\Presentation.csproj", "{FB5CE766-2CB7-4848-BED8-4A43391A4553}"
EndProject
Project("{9A19103F-16F7-4668-BE54-9A1E7A4F7556}") = "ConsoleClient", "ConsoleClient\ConsoleClient.csproj", "{1FA49DB8-D231-4572-8061-3EA57828E19E}"
EndProject
Global
	GlobalSection(SolutionConfigurationPlatforms) = preSolution
		Debug|Any CPU = Debug|Any CPU
		Release|Any CPU = Release|Any CPU
	EndGlobalSection
	GlobalSection(ProjectConfigurationPlatforms) = postSolution
		{45BE44A4-9E25-465E-A8E5-5F73B29AA7BD}.Debug|Any CPU.ActiveCfg = Debug|Any CPU
		{45BE44A4-9E25-465E-A8E5-5F73B29AA7BD}.Debug|Any CPU.Build.0 = Debug|Any CPU
		{45BE44A4-9E25-465E-A8E5-5F73B29AA7BD}.Release|Any CPU.ActiveCfg = Release|Any CPU
		{45BE44A4-9E25-465E-A8E5-5F73B29AA7BD}.Release|Any CPU.Build.0 = Release|Any CPU
		{B714B1A0-72CB-4DA0-A3A7-56928E05FCE4}.Debug|Any CPU.ActiveCfg = Debug|Any CPU
		{B714B1A0-72CB-4DA0-A3A7-56928E05FCE4}.Debug|Any CPU.Build.0 = Debug|Any CPU
		{B714B1A0-72CB-4DA0-A3A7-56928E05FCE4}.Release|Any CPU.ActiveCfg = Release|Any CPU
		{B714B1A0-72CB-4DA0-A3A7-56928E05FCE4}.Release|Any CPU.Build.0 = Release|Any CPU
		{1F9C794E-4BBA-449A-8C37-09824E0EB67C}.Debug|Any CPU.ActiveCfg = Debug|Any CPU
		{1F9C794E-4BBA-449A-8C37-09824E0EB67C}.Debug|Any CPU.Build.0 = Debug|Any CPU
		{1F9C794E-4BBA-449A-8C37-09824E0EB67C}.Release|Any CPU.ActiveCfg = Release|Any CPU
		{1F9C794E-4BBA-449A-8C37-09824E0EB67C}.Release|Any CPU.Build.0 = Release|Any CPU
		{FB5CE766-2CB7-4848-BED8-4A43391A4553}.Debug|Any CPU.ActiveCfg = Debug|Any CPU
		{FB5CE766-2CB7-4848-BED8-4A43391A4553}.Debug|Any CPU.Build.0 = Debug|Any CPU
		{FB5CE766-2CB7-4848-BED8-4A43391A4553}.Release|Any CPU.ActiveCfg = Release|Any CPU
		{FB5CE766-2CB7-4848-BED8-4A43391A4553}.Release|Any CPU.Build.0 = Release|Any CPU
		{1FA49DB8-D231-4572-8061-3EA57828E19E}.Debug|Any CPU.ActiveCfg = Debug|Any CPU
		{1FA49DB8-D231-4572-8061-3EA57828E19E}.Debug|Any CPU.Build.0 = Debug|Any CPU
		{1FA49DB8-D231-4572-8061-3EA57828E19E}.Release|Any CPU.ActiveCfg = Release|Any CPU
		{1FA49DB8-D231-4572-8061-3EA57828E19E}.Release|Any CPU.Build.0 = Release|Any CPU
	EndGlobalSection
	GlobalSection(SolutionProperties) = preSolution
		HideSolutionNode = FALSE
	EndGlobalSection
	GlobalSection(ExtensibilityGlobals) = postSolution
		SolutionGuid = {36D972B9-B986-40F7-8240-7E4FECB739B9}
	EndGlobalSection
EndGlobal
